
Microsoft Visual Studio Solution File, Format Version 12.00
# Visual Studio Version 16
VisualStudioVersion = 16.0.30611.23
MinimumVisualStudioVersion = 10.0.40219.1
Project("{FAE04EC0-301F-11D3-BF4B-00C04F79EFBC}") = "Math", "Math\Math.csproj", "{ABF17297-C816-431D-A6A7-20A6A80A649E}"
EndProject
Global
	GlobalSection(SolutionConfigurationPlatforms) = preSolution
		Debug|Any CPU = Debug|Any CPU
		Release|Any CPU = Release|Any CPU
	EndGlobalSection
	GlobalSection(ProjectConfigurationPlatforms) = postSolution
		{ABF17297-C816-431D-A6A7-20A6A80A649E}.Debug|Any CPU.ActiveCfg = Debug|Any CPU
		{ABF17297-C816-431D-A6A7-20A6A80A649E}.Debug|Any CPU.Build.0 = Debug|Any CPU
		{ABF17297-C816-431D-A6A7-20A6A80A649E}.Release|Any CPU.ActiveCfg = Release|Any CPU
		{ABF17297-C816-431D-A6A7-20A6A80A649E}.Release|Any CPU.Build.0 = Release|Any CPU
	EndGlobalSection
	GlobalSection(SolutionProperties) = preSolution
		HideSolutionNode = FALSE
	EndGlobalSection
	GlobalSection(ExtensibilityGlobals) = postSolution
		SolutionGuid = {47F47C0C-19CE-451C-B144-F35DA6A5903B}
	EndGlobalSection
EndGlobal
